
Microsoft Visual Studio Solution File, Format Version 12.00
# Visual Studio Version 17
VisualStudioVersion = 17.3.32929.385
MinimumVisualStudioVersion = 10.0.40219.1
Project("{9A19103F-16F7-4668-BE54-9A1E7A4F7556}") = "FastType", "FastType.csproj", "{2EBFBB0C-FD1F-4EE6-83B4-97B87280DB72}"
EndProject
Global
	GlobalSection(SolutionConfigurationPlatforms) = preSolution
		Debug|Any CPU = Debug|Any CPU
		Release|Any CPU = Release|Any CPU
	EndGlobalSection
	GlobalSection(ProjectConfigurationPlatforms) = postSolution
		{2EBFBB0C-FD1F-4EE6-83B4-97B87280DB72}.Debug|Any CPU.ActiveCfg = Debug|Any CPU
		{2EBFBB0C-FD1F-4EE6-83B4-97B87280DB72}.Debug|Any CPU.Build.0 = Debug|Any CPU
		{2EBFBB0C-FD1F-4EE6-83B4-97B87280DB72}.Release|Any CPU.ActiveCfg = Release|Any CPU
		{2EBFBB0C-FD1F-4EE6-83B4-97B87280DB72}.Release|Any CPU.Build.0 = Release|Any CPU
	EndGlobalSection
	GlobalSection(SolutionProperties) = preSolution
		HideSolutionNode = FALSE
	EndGlobalSection
	GlobalSection(ExtensibilityGlobals) = postSolution
		SolutionGuid = {BF7E53A5-7D87-4644-9827-C869044F947F}
	EndGlobalSection
EndGlobal
