
Microsoft Visual Studio Solution File, Format Version 12.00
# Visual Studio Version 17
VisualStudioVersion = 17.3.32929.385
MinimumVisualStudioVersion = 10.0.40219.1
Project("{9A19103F-16F7-4668-BE54-9A1E7A4F7556}") = "FastType", "FastType.csproj", "{0BC62B3E-FB19-457B-8472-DD27974CEDFE}"
EndProject
Global
	GlobalSection(SolutionConfigurationPlatforms) = preSolution
		Debug|Any CPU = Debug|Any CPU
		Release|Any CPU = Release|Any CPU
	EndGlobalSection
	GlobalSection(ProjectConfigurationPlatforms) = postSolution
		{0BC62B3E-FB19-457B-8472-DD27974CEDFE}.Debug|Any CPU.ActiveCfg = Debug|Any CPU
		{0BC62B3E-FB19-457B-8472-DD27974CEDFE}.Debug|Any CPU.Build.0 = Debug|Any CPU
		{0BC62B3E-FB19-457B-8472-DD27974CEDFE}.Release|Any CPU.ActiveCfg = Release|Any CPU
		{0BC62B3E-FB19-457B-8472-DD27974CEDFE}.Release|Any CPU.Build.0 = Release|Any CPU
	EndGlobalSection
	GlobalSection(SolutionProperties) = preSolution
		HideSolutionNode = FALSE
	EndGlobalSection
	GlobalSection(ExtensibilityGlobals) = postSolution
		SolutionGuid = {D8AD1BFD-D3D7-46AE-AE1F-EFAF8FE4BB66}
	EndGlobalSection
EndGlobal
