
Microsoft Visual Studio Solution File, Format Version 12.00
# Visual Studio Version 17
VisualStudioVersion = 17.3.32929.385
MinimumVisualStudioVersion = 10.0.40219.1
Project("{9A19103F-16F7-4668-BE54-9A1E7A4F7556}") = "FastType", "FastType.csproj", "{3FDD4219-C65C-4555-85FC-0874FBC31A7A}"
EndProject
Global
	GlobalSection(SolutionConfigurationPlatforms) = preSolution
		Debug|Any CPU = Debug|Any CPU
		Release|Any CPU = Release|Any CPU
	EndGlobalSection
	GlobalSection(ProjectConfigurationPlatforms) = postSolution
		{3FDD4219-C65C-4555-85FC-0874FBC31A7A}.Debug|Any CPU.ActiveCfg = Debug|Any CPU
		{3FDD4219-C65C-4555-85FC-0874FBC31A7A}.Debug|Any CPU.Build.0 = Debug|Any CPU
		{3FDD4219-C65C-4555-85FC-0874FBC31A7A}.Release|Any CPU.ActiveCfg = Release|Any CPU
		{3FDD4219-C65C-4555-85FC-0874FBC31A7A}.Release|Any CPU.Build.0 = Release|Any CPU
	EndGlobalSection
	GlobalSection(SolutionProperties) = preSolution
		HideSolutionNode = FALSE
	EndGlobalSection
	GlobalSection(ExtensibilityGlobals) = postSolution
		SolutionGuid = {0EBB2FFE-B85C-492B-8867-62BA51F84E70}
	EndGlobalSection
EndGlobal
